
Microsoft Visual Studio Solution File, Format Version 12.00
# Visual Studio Version 17
VisualStudioVersion = 17.11.35312.102
MinimumVisualStudioVersion = 10.0.40219.1
Project("{FAE04EC0-301F-11D3-BF4B-00C04F79EFBC}") = "SIBAU-liblink", "SIBAU-liblink\SIBAU-liblink.csproj", "{32F72832-B901-40E4-A5D5-E54EC2AB197C}"
EndProject
Global
	GlobalSection(SolutionConfigurationPlatforms) = preSolution
		Debug|Any CPU = Debug|Any CPU
		Release|Any CPU = Release|Any CPU
	EndGlobalSection
	GlobalSection(ProjectConfigurationPlatforms) = postSolution
		{32F72832-B901-40E4-A5D5-E54EC2AB197C}.Debug|Any CPU.ActiveCfg = Debug|Any CPU
		{32F72832-B901-40E4-A5D5-E54EC2AB197C}.Debug|Any CPU.Build.0 = Debug|Any CPU
		{32F72832-B901-40E4-A5D5-E54EC2AB197C}.Release|Any CPU.ActiveCfg = Release|Any CPU
		{32F72832-B901-40E4-A5D5-E54EC2AB197C}.Release|Any CPU.Build.0 = Release|Any CPU
	EndGlobalSection
	GlobalSection(SolutionProperties) = preSolution
		HideSolutionNode = FALSE
	EndGlobalSection
	GlobalSection(ExtensibilityGlobals) = postSolution
		SolutionGuid = {3B719EF3-199F-4833-A545-C6909C235C36}
	EndGlobalSection
EndGlobal
